
Microsoft Visual Studio Solution File, Format Version 12.00
# Visual Studio Version 17
VisualStudioVersion = 17.0.32014.148
MinimumVisualStudioVersion = 10.0.40219.1
Project("{FAE04EC0-301F-11D3-BF4B-00C04F79EFBC}") = "webHooks", "webHooks\webHooks.csproj", "{83E900AA-86F5-4ADA-AD1F-F7118CDDB88F}"
EndProject
Global
	GlobalSection(SolutionConfigurationPlatforms) = preSolution
		Debug|Any CPU = Debug|Any CPU
		Release|Any CPU = Release|Any CPU
	EndGlobalSection
	GlobalSection(ProjectConfigurationPlatforms) = postSolution
		{83E900AA-86F5-4ADA-AD1F-F7118CDDB88F}.Debug|Any CPU.ActiveCfg = Debug|Any CPU
		{83E900AA-86F5-4ADA-AD1F-F7118CDDB88F}.Debug|Any CPU.Build.0 = Debug|Any CPU
		{83E900AA-86F5-4ADA-AD1F-F7118CDDB88F}.Release|Any CPU.ActiveCfg = Release|Any CPU
		{83E900AA-86F5-4ADA-AD1F-F7118CDDB88F}.Release|Any CPU.Build.0 = Release|Any CPU
	EndGlobalSection
	GlobalSection(SolutionProperties) = preSolution
		HideSolutionNode = FALSE
	EndGlobalSection
	GlobalSection(ExtensibilityGlobals) = postSolution
		SolutionGuid = {2920E4EB-F9F7-445B-8AED-08FF2595CD8E}
	EndGlobalSection
EndGlobal
